PODS:
  - AFNetworking (2.5.1):
    - AFNetworking/NSURLConnection (= 2.5.1)
    - AFNetworking/NSURLSession (= 2.5.1)
    - AFNetworking/Reachability (= 2.5.1)
    - AFNetworking/Security (= 2.5.1)
    - AFNetworking/Serialization (= 2.5.1)
    - AFNetworking/UIKit (= 2.5.1)
  - AFNetworking/NSURLConnection (2.5.1):
    - AFNetworking/Reachability
    - AFNetworking/Security
    - AFNetworking/Serialization
  - AFNetworking/NSURLSession (2.5.1):
    - AFNetworking/Reachability
    - AFNetworking/Security
    - AFNetworking/Serialization
  - AFNetworking/Reachability (2.5.1)
  - AFNetworking/Security (2.5.1)
  - AFNetworking/Serialization (2.5.1)
  - AFNetworking/UIKit (2.5.1):
    - AFNetworking/NSURLConnection
    - AFNetworking/NSURLSession
  - Colours (5.6.1)
  - DateTools (1.5.0)
  - GoogleAnalytics-iOS-SDK (3.10):
    - GoogleAnalytics-iOS-SDK/Core (= 3.10)
  - GoogleAnalytics-iOS-SDK/Core (3.10)
  - NSURL+QueryDictionary (1.1.0)
  - Realm (0.91.1):
    - Realm/Headers (= 0.91.1)
  - Realm/Headers (0.91.1)
  - SDWebImage (3.7.1):
    - SDWebImage/Core (= 3.7.1)
  - SDWebImage/Core (3.7.1)
  - UIView+JMFrame (0.1.2)

DEPENDENCIES:
  - AFNetworking
  - Colours
  - DateTools
  - GoogleAnalytics-iOS-SDK (~> 3.10)
  - NSURL+QueryDictionary
  - Realm
  - SDWebImage
  - UIView+JMFrame

SPEC CHECKSUMS:
  AFNetworking: 8bee59492a6ff15d69130efa4d0dc67e0094a52a
  Colours: ecbcbb168f7e6190b76b34df1b477c103cb638eb
  DateTools: 7df78f0c4719eb28cfd2d58a90fafd036e73156c
  GoogleAnalytics-iOS-SDK: f422062075d9ccb1ea8d783fc5ba3829461e9502
  NSURL+QueryDictionary: 14fc00cab003a53230ec4bef6a5e2d28ce777614
  Realm: 81adfc7f43f9301f40bbc46d5e8a10aaf71b9504
  SDWebImage: 116e88633b5b416ea0ca4b334a4ac59cf72dd38d
  UIView+JMFrame: f23f3dcad8a6192f83600c586f59a89e63bd20a8

COCOAPODS: 0.35.0
