// !$*UTF8*$!
{
	archiveVersion = 1;
	classes = {
	};
	objectVersion = 46;
	objects = {

/* Begin PBXBuildFile section */
		1BE2E2DD77D51FCA65AA0189 /* libPods.a in Frameworks */ = {isa = PBXBuildFile; fileRef = BF2A0CA0E3E7C0DAAE6614BA /* libPods.a */; };
		BF67D9D21A3C2834004B53B5 /* followerIcon@2x.png in Resources */ = {isa = PBXBuildFile; fileRef = BF67D9CF1A3C2834004B53B5 /* followerIcon@2x.png */; };
		BF67D9D31A3C2834004B53B5 /* qiitaMeterLogo@2x.png in Resources */ = {isa = PBXBuildFile; fileRef = BF67D9D01A3C2834004B53B5 /* qiitaMeterLogo@2x.png */; };
		BF67D9D41A3C2834004B53B5 /* stockIcon@2x.png in Resources */ = {isa = PBXBuildFile; fileRef = BF67D9D11A3C2834004B53B5 /* stockIcon@2x.png */; };
		E43AC9BC1A3C2438003A2DFD /* QiitaListViewController.m in Sources */ = {isa = PBXBuildFile; fileRef = E43AC9BA1A3C2438003A2DFD /* QiitaListViewController.m */; };
		E43AC9BD1A3C2438003A2DFD /* QiitaListViewController.xib in Resources */ = {isa = PBXBuildFile; fileRef = E43AC9BB1A3C2438003A2DFD /* QiitaListViewController.xib */; };
		E4BE16B31A3C1CF6000FE3BE /* main.m in Sources */ = {isa = PBXBuildFile; fileRef = E4BE16B21A3C1CF6000FE3BE /* main.m */; };
		E4BE16B61A3C1CF6000FE3BE /* AppDelegate.m in Sources */ = {isa = PBXBuildFile; fileRef = E4BE16B51A3C1CF6000FE3BE /* AppDelegate.m */; };
		E4BE16B91A3C1CF6000FE3BE /* LoginViewController.m in Sources */ = {isa = PBXBuildFile; fileRef = E4BE16B81A3C1CF6000FE3BE /* LoginViewController.m */; };
		E4BE16BE1A3C1CF6000FE3BE /* Images.xcassets in Resources */ = {isa = PBXBuildFile; fileRef = E4BE16BD1A3C1CF6000FE3BE /* Images.xcassets */; };
		E4BE16CD1A3C1CF6000FE3BE /* QiitaWarsTests.m in Sources */ = {isa = PBXBuildFile; fileRef = E4BE16CC1A3C1CF6000FE3BE /* QiitaWarsTests.m */; };
		E4BE16DE1A3C1E3D000FE3BE /* JANQiitaUserInfoService.m in Sources */ = {isa = PBXBuildFile; fileRef = E4BE16D71A3C1E3D000FE3BE /* JANQiitaUserInfoService.m */; };
		E4BE16DF1A3C1E3D000FE3BE /* JANStock.m in Sources */ = {isa = PBXBuildFile; fileRef = E4BE16D91A3C1E3D000FE3BE /* JANStock.m */; };
		E4BE16E01A3C1E3D000FE3BE /* JANStockService.m in Sources */ = {isa = PBXBuildFile; fileRef = E4BE16DB1A3C1E3D000FE3BE /* JANStockService.m */; };
		E4BE16E11A3C1E3D000FE3BE /* JANUserService.m in Sources */ = {isa = PBXBuildFile; fileRef = E4BE16DD1A3C1E3D000FE3BE /* JANUserService.m */; };
		E4BE16E71A3C1E61000FE3BE /* JANQiitaUserInfo.m in Sources */ = {isa = PBXBuildFile; fileRef = E4BE16E41A3C1E61000FE3BE /* JANQiitaUserInfo.m */; };
		E4BE16E81A3C1E61000FE3BE /* JANUser.m in Sources */ = {isa = PBXBuildFile; fileRef = E4BE16E61A3C1E61000FE3BE /* JANUser.m */; };
/* End PBXBuildFile section */

/* Begin PBXContainerItemProxy section */
		E4BE16C71A3C1CF6000FE3BE /* PBXContainerItemProxy */ = {
			isa = PBXContainerItemProxy;
			containerPortal = E4BE16A51A3C1CF6000FE3BE /* Project object */;
			proxyType = 1;
			remoteGlobalIDString = E4BE16AC1A3C1CF6000FE3BE;
			remoteInfo = QiitaWars;
		};
/* End PBXContainerItemProxy section */

/* Begin PBXFileReference section */
		491CCD7A1BC4B8A8F9F601D1 /* Pods.release.xcconfig */ = {isa = PBXFileReference; includeInIndex = 1; lastKnownFileType = text.xcconfig; name = Pods.release.xcconfig; path = "Pods/Target Support Files/Pods/Pods.release.xcconfig"; sourceTree = "<group>"; };
		75F5F5D7DAD23D82C40A81A1 /* Pods.debug.xcconfig */ = {isa = PBXFileReference; includeInIndex = 1; lastKnownFileType = text.xcconfig; name = Pods.debug.xcconfig; path = "Pods/Target Support Files/Pods/Pods.debug.xcconfig"; sourceTree = "<group>"; };
		BF2A0CA0E3E7C0DAAE6614BA /* libPods.a */ = {isa = PBXFileReference; explicitFileType = archive.ar; includeInIndex = 0; path = libPods.a; sourceTree = BUILT_PRODUCTS_DIR; };
		BF67D9CF1A3C2834004B53B5 /* followerIcon@2x.png */ = {isa = PBXFileReference; lastKnownFileType = image.png; path = "followerIcon@2x.png"; sourceTree = "<group>"; };
		BF67D9D01A3C2834004B53B5 /* qiitaMeterLogo@2x.png */ = {isa = PBXFileReference; lastKnownFileType = image.png; path = "qiitaMeterLogo@2x.png"; sourceTree = "<group>"; };
		BF67D9D11A3C2834004B53B5 /* stockIcon@2x.png */ = {isa = PBXFileReference; lastKnownFileType = image.png; path = "stockIcon@2x.png"; sourceTree = "<group>"; };
		E43AC9B91A3C2438003A2DFD /* QiitaListViewController.h */ = {isa = PBXFileReference; fileEncoding = 4; lastKnownFileType = sourcecode.c.h; path = QiitaListViewController.h; sourceTree = "<group>"; };
		E43AC9BA1A3C2438003A2DFD /* QiitaListViewController.m */ = {isa = PBXFileReference; fileEncoding = 4; lastKnownFileType = sourcecode.c.objc; path = QiitaListViewController.m; sourceTree = "<group>"; };
		E43AC9BB1A3C2438003A2DFD /* QiitaListViewController.xib */ = {isa = PBXFileReference; fileEncoding = 4; lastKnownFileType = file.xib; path = QiitaListViewController.xib; sourceTree = "<group>"; };
		E4BE16AD1A3C1CF6000FE3BE /* QiitaWars.app */ = {isa = PBXFileReference; explicitFileType = wrapper.application; includeInIndex = 0; path = QiitaWars.app; sourceTree = BUILT_PRODUCTS_DIR; };
		E4BE16B11A3C1CF6000FE3BE /* Info.plist */ = {isa = PBXFileReference; lastKnownFileType = text.plist.xml; path = Info.plist; sourceTree = "<group>"; };
		E4BE16B21A3C1CF6000FE3BE /* main.m */ = {isa = PBXFileReference; lastKnownFileType = sourcecode.c.objc; path = main.m; sourceTree = "<group>"; };
		E4BE16B41A3C1CF6000FE3BE /* AppDelegate.h */ = {isa = PBXFileReference; lastKnownFileType = sourcecode.c.h; path = AppDelegate.h; sourceTree = "<group>"; };
		E4BE16B51A3C1CF6000FE3BE /* AppDelegate.m */ = {isa = PBXFileReference; lastKnownFileType = sourcecode.c.objc; path = AppDelegate.m; sourceTree = "<group>"; };
		E4BE16B71A3C1CF6000FE3BE /* LoginViewController.h */ = {isa = PBXFileReference; lastKnownFileType = sourcecode.c.h; path = LoginViewController.h; sourceTree = "<group>"; };
		E4BE16B81A3C1CF6000FE3BE /* LoginViewController.m */ = {isa = PBXFileReference; lastKnownFileType = sourcecode.c.objc; path = LoginViewController.m; sourceTree = "<group>"; };
		E4BE16BD1A3C1CF6000FE3BE /* Images.xcassets */ = {isa = PBXFileReference; lastKnownFileType = folder.assetcatalog; path = Images.xcassets; sourceTree = "<group>"; };
		E4BE16C61A3C1CF6000FE3BE /* QiitaWarsTests.xctest */ = {isa = PBXFileReference; explicitFileType = wrapper.cfbundle; includeInIndex = 0; path = QiitaWarsTests.xctest; sourceTree = BUILT_PRODUCTS_DIR; };
		E4BE16CB1A3C1CF6000FE3BE /* Info.plist */ = {isa = PBXFileReference; lastKnownFileType = text.plist.xml; path = Info.plist; sourceTree = "<group>"; };
		E4BE16CC1A3C1CF6000FE3BE /* QiitaWarsTests.m */ = {isa = PBXFileReference; lastKnownFileType = sourcecode.c.objc; path = QiitaWarsTests.m; sourceTree = "<group>"; };
		E4BE16D61A3C1E3D000FE3BE /* JANQiitaUserInfoService.h */ = {isa = PBXFileReference; fileEncoding = 4; lastKnownFileType = sourcecode.c.h; path = JANQiitaUserInfoService.h; sourceTree = "<group>"; };
		E4BE16D71A3C1E3D000FE3BE /* JANQiitaUserInfoService.m */ = {isa = PBXFileReference; fileEncoding = 4; lastKnownFileType = sourcecode.c.objc; path = JANQiitaUserInfoService.m; sourceTree = "<group>"; };
		E4BE16D81A3C1E3D000FE3BE /* JANStock.h */ = {isa = PBXFileReference; fileEncoding = 4; lastKnownFileType = sourcecode.c.h; path = JANStock.h; sourceTree = "<group>"; };
		E4BE16D91A3C1E3D000FE3BE /* JANStock.m */ = {isa = PBXFileReference; fileEncoding = 4; lastKnownFileType = sourcecode.c.objc; path = JANStock.m; sourceTree = "<group>"; };
		E4BE16DA1A3C1E3D000FE3BE /* JANStockService.h */ = {isa = PBXFileReference; fileEncoding = 4; lastKnownFileType = sourcecode.c.h; path = JANStockService.h; sourceTree = "<group>"; };
		E4BE16DB1A3C1E3D000FE3BE /* JANStockService.m */ = {isa = PBXFileReference; fileEncoding = 4; lastKnownFileType = sourcecode.c.objc; path = JANStockService.m; sourceTree = "<group>"; };
		E4BE16DC1A3C1E3D000FE3BE /* JANUserService.h */ = {isa = PBXFileReference; fileEncoding = 4; lastKnownFileType = sourcecode.c.h; path = JANUserService.h; sourceTree = "<group>"; };
		E4BE16DD1A3C1E3D000FE3BE /* JANUserService.m */ = {isa = PBXFileReference; fileEncoding = 4; lastKnownFileType = sourcecode.c.objc; path = JANUserService.m; sourceTree = "<group>"; };
		E4BE16E31A3C1E61000FE3BE /* JANQiitaUserInfo.h */ = {isa = PBXFileReference; fileEncoding = 4; lastKnownFileType = sourcecode.c.h; path = JANQiitaUserInfo.h; sourceTree = "<group>"; };
		E4BE16E41A3C1E61000FE3BE /* JANQiitaUserInfo.m */ = {isa = PBXFileReference; fileEncoding = 4; lastKnownFileType = sourcecode.c.objc; path = JANQiitaUserInfo.m; sourceTree = "<group>"; };
		E4BE16E51A3C1E61000FE3BE /* JANUser.h */ = {isa = PBXFileReference; fileEncoding = 4; lastKnownFileType = sourcecode.c.h; path = JANUser.h; sourceTree = "<group>"; };
		E4BE16E61A3C1E61000FE3BE /* JANUser.m */ = {isa = PBXFileReference; fileEncoding = 4; lastKnownFileType = sourcecode.c.objc; path = JANUser.m; sourceTree = "<group>"; };
/* End PBXFileReference section */

/* Begin PBXFrameworksBuildPhase section */
		E4BE16AA1A3C1CF6000FE3BE /* Frameworks */ = {
			isa = PBXFrameworksBuildPhase;
			buildActionMask = 2147483647;
			files = (
				1BE2E2DD77D51FCA65AA0189 /* libPods.a in Frameworks */,
			);
			runOnlyForDeploymentPostprocessing = 0;
		};
		E4BE16C31A3C1CF6000FE3BE /* Frameworks */ = {
			isa = PBXFrameworksBuildPhase;
			buildActionMask = 2147483647;
			files = (
			);
			runOnlyForDeploymentPostprocessing = 0;
		};
/* End PBXFrameworksBuildPhase section */

/* Begin PBXGroup section */
		314E65BA9909086348793E09 /* Pods */ = {
			isa = PBXGroup;
			children = (
				75F5F5D7DAD23D82C40A81A1 /* Pods.debug.xcconfig */,
				491CCD7A1BC4B8A8F9F601D1 /* Pods.release.xcconfig */,
			);
			name = Pods;
			sourceTree = "<group>";
		};
		58A12E8B538B855FA7FFE629 /* Frameworks */ = {
			isa = PBXGroup;
			children = (
				BF2A0CA0E3E7C0DAAE6614BA /* libPods.a */,
			);
			name = Frameworks;
			sourceTree = "<group>";
		};
		BF67D9CE1A3C281F004B53B5 /* Resource */ = {
			isa = PBXGroup;
			children = (
				BF67D9CF1A3C2834004B53B5 /* followerIcon@2x.png */,
				BF67D9D01A3C2834004B53B5 /* qiitaMeterLogo@2x.png */,
				BF67D9D11A3C2834004B53B5 /* stockIcon@2x.png */,
			);
			name = Resource;
			sourceTree = "<group>";
		};
		E4BE16A41A3C1CF6000FE3BE = {
			isa = PBXGroup;
			children = (
				E4BE16AF1A3C1CF6000FE3BE /* QiitaWars */,
				E4BE16C91A3C1CF6000FE3BE /* QiitaWarsTests */,
				E4BE16AE1A3C1CF6000FE3BE /* Products */,
				314E65BA9909086348793E09 /* Pods */,
				58A12E8B538B855FA7FFE629 /* Frameworks */,
			);
			sourceTree = "<group>";
		};
		E4BE16AE1A3C1CF6000FE3BE /* Products */ = {
			isa = PBXGroup;
			children = (
				E4BE16AD1A3C1CF6000FE3BE /* QiitaWars.app */,
				E4BE16C61A3C1CF6000FE3BE /* QiitaWarsTests.xctest */,
			);
			name = Products;
			sourceTree = "<group>";
		};
		E4BE16AF1A3C1CF6000FE3BE /* QiitaWars */ = {
			isa = PBXGroup;
			children = (
				BF67D9CE1A3C281F004B53B5 /* Resource */,
				E4BE16E21A3C1E61000FE3BE /* Models */,
				E4BE16D61A3C1E3D000FE3BE /* JANQiitaUserInfoService.h */,
				E4BE16D71A3C1E3D000FE3BE /* JANQiitaUserInfoService.m */,
				E4BE16D81A3C1E3D000FE3BE /* JANStock.h */,
				E4BE16D91A3C1E3D000FE3BE /* JANStock.m */,
				E4BE16DA1A3C1E3D000FE3BE /* JANStockService.h */,
				E4BE16DB1A3C1E3D000FE3BE /* JANStockService.m */,
				E4BE16DC1A3C1E3D000FE3BE /* JANUserService.h */,
				E4BE16DD1A3C1E3D000FE3BE /* JANUserService.m */,
				E4BE16B41A3C1CF6000FE3BE /* AppDelegate.h */,
				E4BE16B51A3C1CF6000FE3BE /* AppDelegate.m */,
				E4BE16B71A3C1CF6000FE3BE /* LoginViewController.h */,
				E4BE16B81A3C1CF6000FE3BE /* LoginViewController.m */,
				E43AC9B91A3C2438003A2DFD /* QiitaListViewController.h */,
				E43AC9BA1A3C2438003A2DFD /* QiitaListViewController.m */,
				E43AC9BB1A3C2438003A2DFD /* QiitaListViewController.xib */,
				E4BE16BD1A3C1CF6000FE3BE /* Images.xcassets */,
				E4BE16B01A3C1CF6000FE3BE /* Supporting Files */,
			);
			path = QiitaWars;
			sourceTree = "<group>";
		};
		E4BE16B01A3C1CF6000FE3BE /* Supporting Files */ = {
			isa = PBXGroup;
			children = (
				E4BE16B11A3C1CF6000FE3BE /* Info.plist */,
				E4BE16B21A3C1CF6000FE3BE /* main.m */,
			);
			name = "Supporting Files";
			sourceTree = "<group>";
		};
		E4BE16C91A3C1CF6000FE3BE /* QiitaWarsTests */ = {
			isa = PBXGroup;
			children = (
				E4BE16CC1A3C1CF6000FE3BE /* QiitaWarsTests.m */,
				E4BE16CA1A3C1CF6000FE3BE /* Supporting Files */,
			);
			path = QiitaWarsTests;
			sourceTree = "<group>";
		};
		E4BE16CA1A3C1CF6000FE3BE /* Supporting Files */ = {
			isa = PBXGroup;
			children = (
				E4BE16CB1A3C1CF6000FE3BE /* Info.plist */,
			);
			name = "Supporting Files";
			sourceTree = "<group>";
		};
		E4BE16E21A3C1E61000FE3BE /* Models */ = {
			isa = PBXGroup;
			children = (
				E4BE16E31A3C1E61000FE3BE /* JANQiitaUserInfo.h */,
				E4BE16E41A3C1E61000FE3BE /* JANQiitaUserInfo.m */,
				E4BE16E51A3C1E61000FE3BE /* JANUser.h */,
				E4BE16E61A3C1E61000FE3BE /* JANUser.m */,
			);
			path = Models;
			sourceTree = "<group>";
		};
/* End PBXGroup section */

/* Begin PBXNativeTarget section */
		E4BE16AC1A3C1CF6000FE3BE /* QiitaWars */ = {
			isa = PBXNativeTarget;
			buildConfigurationList = E4BE16D01A3C1CF6000FE3BE /* Build configuration list for PBXNativeTarget "QiitaWars" */;
			buildPhases = (
				18034ECF7B143EED8EBB1D41 /* Check Pods Manifest.lock */,
				E4BE16A91A3C1CF6000FE3BE /* Sources */,
				E4BE16AA1A3C1CF6000FE3BE /* Frameworks */,
				E4BE16AB1A3C1CF6000FE3BE /* Resources */,
				7123023C18E3BD4BCAF356A1 /* Copy Pods Resources */,
			);
			buildRules = (
			);
			dependencies = (
			);
			name = QiitaWars;
			productName = QiitaWars;
			productReference = E4BE16AD1A3C1CF6000FE3BE /* QiitaWars.app */;
			productType = "com.apple.product-type.application";
		};
		E4BE16C51A3C1CF6000FE3BE /* QiitaWarsTests */ = {
			isa = PBXNativeTarget;
			buildConfigurationList = E4BE16D31A3C1CF6000FE3BE /* Build configuration list for PBXNativeTarget "QiitaWarsTests" */;
			buildPhases = (
				E4BE16C21A3C1CF6000FE3BE /* Sources */,
				E4BE16C31A3C1CF6000FE3BE /* Frameworks */,
				E4BE16C41A3C1CF6000FE3BE /* Resources */,
			);
			buildRules = (
			);
			dependencies = (
				E4BE16C81A3C1CF6000FE3BE /* PBXTargetDependency */,
			);
			name = QiitaWarsTests;
			productName = QiitaWarsTests;
			productReference = E4BE16C61A3C1CF6000FE3BE /* QiitaWarsTests.xctest */;
			productType = "com.apple.product-type.bundle.unit-test";
		};
/* End PBXNativeTarget section */

/* Begin PBXProject section */
		E4BE16A51A3C1CF6000FE3BE /* Project object */ = {
			isa = PBXProject;
			attributes = {
				LastUpgradeCheck = 0610;
				ORGANIZATIONNAME = bob;
				TargetAttributes = {
					E4BE16AC1A3C1CF6000FE3BE = {
						CreatedOnToolsVersion = 6.1;
					};
					E4BE16C51A3C1CF6000FE3BE = {
						CreatedOnToolsVersion = 6.1;
						TestTargetID = E4BE16AC1A3C1CF6000FE3BE;
					};
				};
			};
			buildConfigurationList = E4BE16A81A3C1CF6000FE3BE /* Build configuration list for PBXProject "QiitaWars" */;
			compatibilityVersion = "Xcode 3.2";
			developmentRegion = English;
			hasScannedForEncodings = 0;
			knownRegions = (
				en,
				Base,
			);
			mainGroup = E4BE16A41A3C1CF6000FE3BE;
			productRefGroup = E4BE16AE1A3C1CF6000FE3BE /* Products */;
			projectDirPath = "";
			projectRoot = "";
			targets = (
				E4BE16AC1A3C1CF6000FE3BE /* QiitaWars */,
				E4BE16C51A3C1CF6000FE3BE /* QiitaWarsTests */,
			);
		};
/* End PBXProject section */

/* Begin PBXResourcesBuildPhase section */
		E4BE16AB1A3C1CF6000FE3BE /* Resources */ = {
			isa = PBXResourcesBuildPhase;
			buildActionMask = 2147483647;
			files = (
				BF67D9D41A3C2834004B53B5 /* stockIcon@2x.png in Resources */,
				BF67D9D31A3C2834004B53B5 /* qiitaMeterLogo@2x.png in Resources */,
				E4BE16BE1A3C1CF6000FE3BE /* Images.xcassets in Resources */,
				E43AC9BD1A3C2438003A2DFD /* QiitaListViewController.xib in Resources */,
				BF67D9D21A3C2834004B53B5 /* followerIcon@2x.png in Resources */,
			);
			runOnlyForDeploymentPostprocessing = 0;
		};
		E4BE16C41A3C1CF6000FE3BE /* Resources */ = {
			isa = PBXResourcesBuildPhase;
			buildActionMask = 2147483647;
			files = (
			);
			runOnlyForDeploymentPostprocessing = 0;
		};
/* End PBXResourcesBuildPhase section */

/* Begin PBXShellScriptBuildPhase section */
		18034ECF7B143EED8EBB1D41 /* Check Pods Manifest.lock */ = {
			isa = PBXShellScriptBuildPhase;
			buildActionMask = 2147483647;
			files = (
			);
			inputPaths = (
			);
			name = "Check Pods Manifest.lock";
			outputPaths = (
			);
			runOnlyForDeploymentPostprocessing = 0;
			shellPath = /bin/sh;
			shellScript = "diff \"${PODS_ROOT}/../Podfile.lock\" \"${PODS_ROOT}/Manifest.lock\" > /dev/null\nif [[ $? != 0 ]] ; then\n    cat << EOM\nerror: The sandbox is not in sync with the Podfile.lock. Run 'pod install' or update your CocoaPods installation.\nEOM\n    exit 1\nfi\n";
			showEnvVarsInLog = 0;
		};
		7123023C18E3BD4BCAF356A1 /* Copy Pods Resources */ = {
			isa = PBXShellScriptBuildPhase;
			buildActionMask = 2147483647;
			files = (
			);
			inputPaths = (
			);
			name = "Copy Pods Resources";
			outputPaths = (
			);
			runOnlyForDeploymentPostprocessing = 0;
			shellPath = /bin/sh;
			shellScript = "\"${SRCROOT}/Pods/Target Support Files/Pods/Pods-resources.sh\"\n";
			showEnvVarsInLog = 0;
		};
/* End PBXShellScriptBuildPhase section */

/* Begin PBXSourcesBuildPhase section */
		E4BE16A91A3C1CF6000FE3BE /* Sources */ = {
			isa = PBXSourcesBuildPhase;
			buildActionMask = 2147483647;
			files = (
				E4BE16E11A3C1E3D000FE3BE /* JANUserService.m in Sources */,
				E4BE16E71A3C1E61000FE3BE /* JANQiitaUserInfo.m in Sources */,
				E4BE16E81A3C1E61000FE3BE /* JANUser.m in Sources */,
				E4BE16B91A3C1CF6000FE3BE /* LoginViewController.m in Sources */,
				E4BE16DF1A3C1E3D000FE3BE /* JANStock.m in Sources */,
				E4BE16E01A3C1E3D000FE3BE /* JANStockService.m in Sources */,
				E4BE16DE1A3C1E3D000FE3BE /* JANQiitaUserInfoService.m in Sources */,
				E4BE16B61A3C1CF6000FE3BE /* AppDelegate.m in Sources */,
				E4BE16B31A3C1CF6000FE3BE /* main.m in Sources */,
				E43AC9BC1A3C2438003A2DFD /* QiitaListViewController.m in Sources */,
			);
			runOnlyForDeploymentPostprocessing = 0;
		};
		E4BE16C21A3C1CF6000FE3BE /* Sources */ = {
			isa = PBXSourcesBuildPhase;
			buildActionMask = 2147483647;
			files = (
				E4BE16CD1A3C1CF6000FE3BE /* QiitaWarsTests.m in Sources */,
			);
			runOnlyForDeploymentPostprocessing = 0;
		};
/* End PBXSourcesBuildPhase section */

/* Begin PBXTargetDependency section */
		E4BE16C81A3C1CF6000FE3BE /* PBXTargetDependency */ = {
			isa = PBXTargetDependency;
			target = E4BE16AC1A3C1CF6000FE3BE /* QiitaWars */;
			targetProxy = E4BE16C71A3C1CF6000FE3BE /* PBXContainerItemProxy */;
		};
/* End PBXTargetDependency section */

/* Begin XCBuildConfiguration section */
		E4BE16CE1A3C1CF6000FE3BE /* Debug */ = {
			isa = XCBuildConfiguration;
			buildSettings = {
				ALWAYS_SEARCH_USER_PATHS = NO;
				CLANG_CXX_LANGUAGE_STANDARD = "gnu++0x";
				CLANG_CXX_LIBRARY = "libc++";
				CLANG_ENABLE_MODULES = YES;
				CLANG_ENABLE_OBJC_ARC = YES;
				CLANG_WARN_BOOL_CONVERSION = YES;
				CLANG_WARN_CONSTANT_CONVERSION = YES;
				CLANG_WARN_DIRECT_OBJC_ISA_USAGE = YES_ERROR;
				CLANG_WARN_EMPTY_BODY = YES;
				CLANG_WARN_ENUM_CONVERSION = YES;
				CLANG_WARN_INT_CONVERSION = YES;
				CLANG_WARN_OBJC_ROOT_CLASS = YES_ERROR;
				CLANG_WARN_UNREACHABLE_CODE = YES;
				CLANG_WARN__DUPLICATE_METHOD_MATCH = YES;
				"CODE_SIGN_IDENTITY[sdk=iphoneos*]" = "iPhone Developer";
				COPY_PHASE_STRIP = NO;
				ENABLE_STRICT_OBJC_MSGSEND = YES;
				GCC_C_LANGUAGE_STANDARD = gnu99;
				GCC_DYNAMIC_NO_PIC = NO;
				GCC_OPTIMIZATION_LEVEL = 0;
				GCC_PREPROCESSOR_DEFINITIONS = (
					"DEBUG=1",
					"$(inherited)",
				);
				GCC_SYMBOLS_PRIVATE_EXTERN = NO;
				GCC_WARN_64_TO_32_BIT_CONVERSION = YES;
				GCC_WARN_ABOUT_RETURN_TYPE = YES_ERROR;
				GCC_WARN_UNDECLARED_SELECTOR = YES;
				GCC_WARN_UNINITIALIZED_AUTOS = YES_AGGRESSIVE;
				GCC_WARN_UNUSED_FUNCTION = YES;
				GCC_WARN_UNUSED_VARIABLE = YES;
				IPHONEOS_DEPLOYMENT_TARGET = 8.1;
				MTL_ENABLE_DEBUG_INFO = YES;
				ONLY_ACTIVE_ARCH = YES;
				SDKROOT = iphoneos;
			};
			name = Debug;
		};
		E4BE16CF1A3C1CF6000FE3BE /* Release */ = {
			isa = XCBuildConfiguration;
			buildSettings = {
				ALWAYS_SEARCH_USER_PATHS = NO;
				CLANG_CXX_LANGUAGE_STANDARD = "gnu++0x";
				CLANG_CXX_LIBRARY = "libc++";
				CLANG_ENABLE_MODULES = YES;
				CLANG_ENABLE_OBJC_ARC = YES;
				CLANG_WARN_BOOL_CONVERSION = YES;
				CLANG_WARN_CONSTANT_CONVERSION = YES;
				CLANG_WARN_DIRECT_OBJC_ISA_USAGE = YES_ERROR;
				CLANG_WARN_EMPTY_BODY = YES;
				CLANG_WARN_ENUM_CONVERSION = YES;
				CLANG_WARN_INT_CONVERSION = YES;
				CLANG_WARN_OBJC_ROOT_CLASS = YES_ERROR;
				CLANG_WARN_UNREACHABLE_CODE = YES;
				CLANG_WARN__DUPLICATE_METHOD_MATCH = YES;
				"CODE_SIGN_IDENTITY[sdk=iphoneos*]" = "iPhone Developer";
				COPY_PHASE_STRIP = YES;
				ENABLE_NS_ASSERTIONS = NO;
				ENABLE_STRICT_OBJC_MSGSEND = YES;
				GCC_C_LANGUAGE_STANDARD = gnu99;
				GCC_WARN_64_TO_32_BIT_CONVERSION = YES;
				GCC_WARN_ABOUT_RETURN_TYPE = YES_ERROR;
				GCC_WARN_UNDECLARED_SELECTOR = YES;
				GCC_WARN_UNINITIALIZED_AUTOS = YES_AGGRESSIVE;
				GCC_WARN_UNUSED_FUNCTION = YES;
				GCC_WARN_UNUSED_VARIABLE = YES;
				IPHONEOS_DEPLOYMENT_TARGET = 8.1;
				MTL_ENABLE_DEBUG_INFO = NO;
				SDKROOT = iphoneos;
				VALIDATE_PRODUCT = YES;
			};
			name = Release;
		};
		E4BE16D11A3C1CF6000FE3BE /* Debug */ = {
			isa = XCBuildConfiguration;
			baseConfigurationReference = 75F5F5D7DAD23D82C40A81A1 /* Pods.debug.xcconfig */;
			buildSettings = {
				ASSETCATALOG_COMPILER_APPICON_NAME = AppIcon;
				INFOPLIST_FILE = QiitaWars/Info.plist;
				LD_RUNPATH_SEARCH_PATHS = "$(inherited) @executable_path/Frameworks";
				PRODUCT_NAME = "$(TARGET_NAME)";
			};
			name = Debug;
		};
		E4BE16D21A3C1CF6000FE3BE /* Release */ = {
			isa = XCBuildConfiguration;
			baseConfigurationReference = 491CCD7A1BC4B8A8F9F601D1 /* Pods.release.xcconfig */;
			buildSettings = {
				ASSETCATALOG_COMPILER_APPICON_NAME = AppIcon;
				INFOPLIST_FILE = QiitaWars/Info.plist;
				LD_RUNPATH_SEARCH_PATHS = "$(inherited) @executable_path/Frameworks";
				PRODUCT_NAME = "$(TARGET_NAME)";
			};
			name = Release;
		};
		E4BE16D41A3C1CF6000FE3BE /* Debug */ = {
			isa = XCBuildConfiguration;
			buildSettings = {
				BUNDLE_LOADER = "$(TEST_HOST)";
				FRAMEWORK_SEARCH_PATHS = (
					"$(SDKROOT)/Developer/Library/Frameworks",
					"$(inherited)",
				);
				GCC_PREPROCESSOR_DEFINITIONS = (
					"DEBUG=1",
					"$(inherited)",
				);
				INFOPLIST_FILE = QiitaWarsTests/Info.plist;
				LD_RUNPATH_SEARCH_PATHS = "$(inherited) @executable_path/Frameworks @loader_path/Frameworks";
				PRODUCT_NAME = "$(TARGET_NAME)";
				TEST_HOST = "$(BUILT_PRODUCTS_DIR)/QiitaWars.app/QiitaWars";
			};
			name = Debug;
		};
		E4BE16D51A3C1CF6000FE3BE /* Release */ = {
			isa = XCBuildConfiguration;
			buildSettings = {
				BUNDLE_LOADER = "$(TEST_HOST)";
				FRAMEWORK_SEARCH_PATHS = (
					"$(SDKROOT)/Developer/Library/Frameworks",
					"$(inherited)",
				);
				INFOPLIST_FILE = QiitaWarsTests/Info.plist;
				LD_RUNPATH_SEARCH_PATHS = "$(inherited) @executable_path/Frameworks @loader_path/Frameworks";
				PRODUCT_NAME = "$(TARGET_NAME)";
				TEST_HOST = "$(BUILT_PRODUCTS_DIR)/QiitaWars.app/QiitaWars";
			};
			name = Release;
		};
/* End XCBuildConfiguration section */

/* Begin XCConfigurationList section */
		E4BE16A81A3C1CF6000FE3BE /* Build configuration list for PBXProject "QiitaWars" */ = {
			isa = XCConfigurationList;
			buildConfigurations = (
				E4BE16CE1A3C1CF6000FE3BE /* Debug */,
				E4BE16CF1A3C1CF6000FE3BE /* Release */,
			);
			defaultConfigurationIsVisible = 0;
			defaultConfigurationName = Release;
		};
		E4BE16D01A3C1CF6000FE3BE /* Build configuration list for PBXNativeTarget "QiitaWars" */ = {
			isa = XCConfigurationList;
			buildConfigurations = (
				E4BE16D11A3C1CF6000FE3BE /* Debug */,
				E4BE16D21A3C1CF6000FE3BE /* Release */,
			);
			defaultConfigurationIsVisible = 0;
			defaultConfigurationName = Release;
		};
		E4BE16D31A3C1CF6000FE3BE /* Build configuration list for PBXNativeTarget "QiitaWarsTests" */ = {
			isa = XCConfigurationList;
			buildConfigurations = (
				E4BE16D41A3C1CF6000FE3BE /* Debug */,
				E4BE16D51A3C1CF6000FE3BE /* Release */,
			);
			defaultConfigurationIsVisible = 0;
			defaultConfigurationName = Release;
		};
/* End XCConfigurationList section */
	};
	rootObject = E4BE16A51A3C1CF6000FE3BE /* Project object */;
}
